// !$*UTF8*$!
{
	archiveVersion = 1;
	classes = {
	};
	objectVersion = 77;
	objects = {

/* Begin PBXBuildFile section */
		97A23A552F1E2BD700682CB7 /* Sparkle in Frameworks */ = {isa = PBXBuildFile; productRef = 97A23A542F1E2BD700682CB7 /* Sparkle */; };
/* End PBXBuildFile section */

/* Begin PBXContainerItemProxy section */
		977709A12F1D2449002C6491 /* PBXContainerItemProxy */ = {
			isa = PBXContainerItemProxy;
			containerPortal = 9777098B2F1D2448002C6491 /* Project object */;
			proxyType = 1;
			remoteGlobalIDString = 977709922F1D2448002C6491;
			remoteInfo = SpeechToType;
		};
		977709AB2F1D2449002C6491 /* PBXContainerItemProxy */ = {
			isa = PBXContainerItemProxy;
			containerPortal = 9777098B2F1D2448002C6491 /* Project object */;
			proxyType = 1;
			remoteGlobalIDString = 977709922F1D2448002C6491;
			remoteInfo = SpeechToType;
		};
/* End PBXContainerItemProxy section */

/* Begin PBXFileReference section */
		977709932F1D2448002C6491 /* SpeechToType.app */ = {isa = PBXFileReference; explicitFileType = wrapper.application; includeInIndex = 0; path = SpeechToType.app; sourceTree = BUILT_PRODUCTS_DIR; };
		977709A02F1D2449002C6491 /* SpeechToTypeTests.xctest */ = {isa = PBXFileReference; explicitFileType = wrapper.cfbundle; includeInIndex = 0; path = SpeechToTypeTests.xctest; sourceTree = BUILT_PRODUCTS_DIR; };
		977709AA2F1D2449002C6491 /* SpeechToTypeUITests.xctest */ = {isa = PBXFileReference; explicitFileType = wrapper.cfbundle; includeInIndex = 0; path = SpeechToTypeUITests.xctest; sourceTree = BUILT_PRODUCTS_DIR; };
/* End PBXFileReference section */

/* Begin PBXFileSystemSynchronizedBuildFileExceptionSet section */
		97A23A522F1E2BBC00682CB7 /* Exceptions for "SpeechToType" folder in "SpeechToType" target */ = {
			isa = PBXFileSystemSynchronizedBuildFileExceptionSet;
			membershipExceptions = (
				Info.plist,
			);
			target = 977709922F1D2448002C6491 /* SpeechToType */;
		};
/* End PBXFileSystemSynchronizedBuildFileExceptionSet section */

/* Begin PBXFileSystemSynchronizedRootGroup section */
		977709952F1D2448002C6491 /* SpeechToType */ = {
			isa = PBXFileSystemSynchronizedRootGroup;
			exceptions = (
				97A23A522F1E2BBC00682CB7 /* Exceptions for "SpeechToType" folder in "SpeechToType" target */,
			);
			path = SpeechToType;
			sourceTree = "<group>";
		};
		977709A32F1D2449002C6491 /* SpeechToTypeTests */ = {
			isa = PBXFileSystemSynchronizedRootGroup;
			path = SpeechToTypeTests;
			sourceTree = "<group>";
		};
		977709AD2F1D2449002C6491 /* SpeechToTypeUITests */ = {
			isa = PBXFileSystemSynchronizedRootGroup;
			path = SpeechToTypeUITests;
			sourceTree = "<group>";
		};
/* End PBXFileSystemSynchronizedRootGroup section */

/* Begin PBXFrameworksBuildPhase section */
		977709902F1D2448002C6491 /* Frameworks */ = {
			isa = PBXFrameworksBuildPhase;
			buildActionMask = 2147483647;
			files = (
				97A23A552F1E2BD700682CB7 /* Sparkle in Frameworks */,
			);
			runOnlyForDeploymentPostprocessing = 0;
		};
		9777099D2F1D2449002C6491 /* Frameworks */ = {
			isa = PBXFrameworksBuildPhase;
			buildActionMask = 2147483647;
			files = (
			);
			runOnlyForDeploymentPostprocessing = 0;
		};
		977709A72F1D2449002C6491 /* Frameworks */ = {
			isa = PBXFrameworksBuildPhase;
			buildActionMask = 2147483647;
			files = (
			);
			runOnlyForDeploymentPostprocessing = 0;
		};
/* End PBXFrameworksBuildPhase section */

/* Begin PBXGroup section */
		9777098A2F1D2448002C6491 = {
			isa = PBXGroup;
			children = (
				977709952F1D2448002C6491 /* SpeechToType */,
				977709A32F1D2449002C6491 /* SpeechToTypeTests */,
				977709AD2F1D2449002C6491 /* SpeechToTypeUITests */,
				97A23A532F1E2BD300682CB7 /* Frameworks */,
				977709942F1D2448002C6491 /* Products */,
			);
			sourceTree = "<group>";
		};
		977709942F1D2448002C6491 /* Products */ = {
			isa = PBXGroup;
			children = (
				977709932F1D2448002C6491 /* SpeechToType.app */,
				977709A02F1D2449002C6491 /* SpeechToTypeTests.xctest */,
				977709AA2F1D2449002C6491 /* SpeechToTypeUITests.xctest */,
			);
			name = Products;
			sourceTree = "<group>";
		};
		97A23A532F1E2BD300682CB7 /* Frameworks */ = {
			isa = PBXGroup;
			children = (
			);
			name = Frameworks;
			sourceTree = "<group>";
		};
/* End PBXGroup section */

/* Begin PBXNativeTarget section */
		977709922F1D2448002C6491 /* SpeechToType */ = {
			isa = PBXNativeTarget;
			buildConfigurationList = 977709B42F1D2449002C6491 /* Build configuration list for PBXNativeTarget "SpeechToType" */;
			buildPhases = (
				9777098F2F1D2448002C6491 /* Sources */,
				977709902F1D2448002C6491 /* Frameworks */,
				977709912F1D2448002C6491 /* Resources */,
			);
			buildRules = (
			);
			dependencies = (
			);
			fileSystemSynchronizedGroups = (
				977709952F1D2448002C6491 /* SpeechToType */,
			);
			name = SpeechToType;
			packageProductDependencies = (
				97A23A542F1E2BD700682CB7 /* Sparkle */,
			);
			productName = SpeechToType;
			productReference = 977709932F1D2448002C6491 /* SpeechToType.app */;
			productType = "com.apple.product-type.application";
		};
		9777099F2F1D2449002C6491 /* SpeechToTypeTests */ = {
			isa = PBXNativeTarget;
			buildConfigurationList = 977709B72F1D2449002C6491 /* Build configuration list for PBXNativeTarget "SpeechToTypeTests" */;
			buildPhases = (
				9777099C2F1D2449002C6491 /* Sources */,
				9777099D2F1D2449002C6491 /* Frameworks */,
				9777099E2F1D2449002C6491 /* Resources */,
			);
			buildRules = (
			);
			dependencies = (
				977709A22F1D2449002C6491 /* PBXTargetDependency */,
			);
			fileSystemSynchronizedGroups = (
				977709A32F1D2449002C6491 /* SpeechToTypeTests */,
			);
			name = SpeechToTypeTests;
			packageProductDependencies = (
			);
			productName = SpeechToTypeTests;
			productReference = 977709A02F1D2449002C6491 /* SpeechToTypeTests.xctest */;
			productType = "com.apple.product-type.bundle.unit-test";
		};
		977709A92F1D2449002C6491 /* SpeechToTypeUITests */ = {
			isa = PBXNativeTarget;
			buildConfigurationList = 977709BA2F1D2449002C6491 /* Build configuration list for PBXNativeTarget "SpeechToTypeUITests" */;
			buildPhases = (
				977709A62F1D2449002C6491 /* Sources */,
				977709A72F1D2449002C6491 /* Frameworks */,
				977709A82F1D2449002C6491 /* Resources */,
			);
			buildRules = (
			);
			dependencies = (
				977709AC2F1D2449002C6491 /* PBXTargetDependency */,
			);
			fileSystemSynchronizedGroups = (
				977709AD2F1D2449002C6491 /* SpeechToTypeUITests */,
			);
			name = SpeechToTypeUITests;
			packageProductDependencies = (
			);
			productName = SpeechToTypeUITests;
			productReference = 977709AA2F1D2449002C6491 /* SpeechToTypeUITests.xctest */;
			productType = "com.apple.product-type.bundle.ui-testing";
		};
/* End PBXNativeTarget section */

/* Begin PBXProject section */
		9777098B2F1D2448002C6491 /* Project object */ = {
			isa = PBXProject;
			attributes = {
				BuildIndependentTargetsInParallel = 1;
				LastSwiftUpdateCheck = 2620;
				LastUpgradeCheck = 2620;
				TargetAttributes = {
					977709922F1D2448002C6491 = {
						CreatedOnToolsVersion = 26.2;
					};
					9777099F2F1D2449002C6491 = {
						CreatedOnToolsVersion = 26.2;
						TestTargetID = 977709922F1D2448002C6491;
					};
					977709A92F1D2449002C6491 = {
						CreatedOnToolsVersion = 26.2;
						TestTargetID = 977709922F1D2448002C6491;
					};
				};
			};
			buildConfigurationList = 9777098E2F1D2448002C6491 /* Build configuration list for PBXProject "SpeechToType" */;
			developmentRegion = en;
			hasScannedForEncodings = 0;
			knownRegions = (
				en,
				Base,
			);
			mainGroup = 9777098A2F1D2448002C6491;
			minimizedProjectReferenceProxies = 1;
			packageReferences = (
				97A23A512F1E28D500682CB7 /* XCRemoteSwiftPackageReference "Sparkle" */,
			);
			preferredProjectObjectVersion = 77;
			productRefGroup = 977709942F1D2448002C6491 /* Products */;
			projectDirPath = "";
			projectRoot = "";
			targets = (
				977709922F1D2448002C6491 /* SpeechToType */,
				9777099F2F1D2449002C6491 /* SpeechToTypeTests */,
				977709A92F1D2449002C6491 /* SpeechToTypeUITests */,
			);
		};
/* End PBXProject section */

/* Begin PBXResourcesBuildPhase section */
		977709912F1D2448002C6491 /* Resources */ = {
			isa = PBXResourcesBuildPhase;
			buildActionMask = 2147483647;
			files = (
			);
			runOnlyForDeploymentPostprocessing = 0;
		};
		9777099E2F1D2449002C6491 /* Resources */ = {
			isa = PBXResourcesBuildPhase;
			buildActionMask = 2147483647;
			files = (
			);
			runOnlyForDeploymentPostprocessing = 0;
		};
		977709A82F1D2449002C6491 /* Resources */ = {
			isa = PBXResourcesBuildPhase;
			buildActionMask = 2147483647;
			files = (
			);
			runOnlyForDeploymentPostprocessing = 0;
		};
/* End PBXResourcesBuildPhase section */

/* Begin PBXSourcesBuildPhase section */
		9777098F2F1D2448002C6491 /* Sources */ = {
			isa = PBXSourcesBuildPhase;
			buildActionMask = 2147483647;
			files = (
			);
			runOnlyForDeploymentPostprocessing = 0;
		};
		9777099C2F1D2449002C6491 /* Sources */ = {
			isa = PBXSourcesBuildPhase;
			buildActionMask = 2147483647;
			files = (
			);
			runOnlyForDeploymentPostprocessing = 0;
		};
		977709A62F1D2449002C6491 /* Sources */ = {
			isa = PBXSourcesBuildPhase;
			buildActionMask = 2147483647;
			files = (
			);
			runOnlyForDeploymentPostprocessing = 0;
		};
/* End PBXSourcesBuildPhase section */

/* Begin PBXTargetDependency section */
		977709A22F1D2449002C6491 /* PBXTargetDependency */ = {
			isa = PBXTargetDependency;
			target = 977709922F1D2448002C6491 /* SpeechToType */;
			targetProxy = 977709A12F1D2449002C6491 /* PBXContainerItemProxy */;
		};
		977709AC2F1D2449002C6491 /* PBXTargetDependency */ = {
			isa = PBXTargetDependency;
			target = 977709922F1D2448002C6491 /* SpeechToType */;
			targetProxy = 977709AB2F1D2449002C6491 /* PBXContainerItemProxy */;
		};
/* End PBXTargetDependency section */

/* Begin XCBuildConfiguration section */
		977709B22F1D2449002C6491 /* Debug */ = {
			isa = XCBuildConfiguration;
			buildSettings = {
				ALWAYS_SEARCH_USER_PATHS = NO;
				ASSETCATALOG_COMPILER_GENERATE_SWIFT_ASSET_SYMBOL_EXTENSIONS = YES;
				CLANG_ANALYZER_NONNULL = YES;
				CLANG_ANALYZER_NUMBER_OBJECT_CONVERSION = YES_AGGRESSIVE;
				CLANG_CXX_LANGUAGE_STANDARD = "gnu++20";
				CLANG_ENABLE_MODULES = YES;
				CLANG_ENABLE_OBJC_ARC = YES;
				CLANG_ENABLE_OBJC_WEAK = YES;
				CLANG_WARN_BLOCK_CAPTURE_AUTORELEASING = YES;
				CLANG_WARN_BOOL_CONVERSION = YES;
				CLANG_WARN_COMMA = YES;
				CLANG_WARN_CONSTANT_CONVERSION = YES;
				CLANG_WARN_DEPRECATED_OBJC_IMPLEMENTATIONS = YES;
				CLANG_WARN_DIRECT_OBJC_ISA_USAGE = YES_ERROR;
				CLANG_WARN_DOCUMENTATION_COMMENTS = YES;
				CLANG_WARN_EMPTY_BODY = YES;
				CLANG_WARN_ENUM_CONVERSION = YES;
				CLANG_WARN_INFINITE_RECURSION = YES;
				CLANG_WARN_INT_CONVERSION = YES;
				CLANG_WARN_NON_LITERAL_NULL_CONVERSION = YES;
				CLANG_WARN_OBJC_IMPLICIT_RETAIN_SELF = YES;
				CLANG_WARN_OBJC_LITERAL_CONVERSION = YES;
				CLANG_WARN_OBJC_ROOT_CLASS = YES_ERROR;
				CLANG_WARN_QUOTED_INCLUDE_IN_FRAMEWORK_HEADER = YES;
				CLANG_WARN_RANGE_LOOP_ANALYSIS = YES;
				CLANG_WARN_STRICT_PROTOTYPES = YES;
				CLANG_WARN_SUSPICIOUS_MOVE = YES;
				CLANG_WARN_UNGUARDED_AVAILABILITY = YES_AGGRESSIVE;
				CLANG_WARN_UNREACHABLE_CODE = YES;
				CLANG_WARN__DUPLICATE_METHOD_MATCH = YES;
				COPY_PHASE_STRIP = NO;
				DEBUG_INFORMATION_FORMAT = dwarf;
				DEVELOPMENT_TEAM = 9WQ4DZ2W9G;
				ENABLE_STRICT_OBJC_MSGSEND = YES;
				ENABLE_TESTABILITY = YES;
				ENABLE_USER_SCRIPT_SANDBOXING = YES;
				GCC_C_LANGUAGE_STANDARD = gnu17;
				GCC_DYNAMIC_NO_PIC = NO;
				GCC_NO_COMMON_BLOCKS = YES;
				GCC_OPTIMIZATION_LEVEL = 0;
				GCC_PREPROCESSOR_DEFINITIONS = (
					"DEBUG=1",
					"$(inherited)",
				);
				GCC_WARN_64_TO_32_BIT_CONVERSION = YES;
				GCC_WARN_ABOUT_RETURN_TYPE = YES_ERROR;
				GCC_WARN_UNDECLARED_SELECTOR = YES;
				GCC_WARN_UNINITIALIZED_AUTOS = YES_AGGRESSIVE;
				GCC_WARN_UNUSED_FUNCTION = YES;
				GCC_WARN_UNUSED_VARIABLE = YES;
				LOCALIZATION_PREFERS_STRING_CATALOGS = YES;
				MACOSX_DEPLOYMENT_TARGET = 26.2;
				MTL_ENABLE_DEBUG_INFO = INCLUDE_SOURCE;
				MTL_FAST_MATH = YES;
				ONLY_ACTIVE_ARCH = YES;
				SDKROOT = macosx;
				SWIFT_ACTIVE_COMPILATION_CONDITIONS = "DEBUG $(inherited)";
				SWIFT_OPTIMIZATION_LEVEL = "-Onone";
			};
			name = Debug;
		};
		977709B32F1D2449002C6491 /* Release */ = {
			isa = XCBuildConfiguration;
			buildSettings = {
				ALWAYS_SEARCH_USER_PATHS = NO;
				ASSETCATALOG_COMPILER_GENERATE_SWIFT_ASSET_SYMBOL_EXTENSIONS = YES;
				CLANG_ANALYZER_NONNULL = YES;
				CLANG_ANALYZER_NUMBER_OBJECT_CONVERSION = YES_AGGRESSIVE;
				CLANG_CXX_LANGUAGE_STANDARD = "gnu++20";
				CLANG_ENABLE_MODULES = YES;
				CLANG_ENABLE_OBJC_ARC = YES;
				CLANG_ENABLE_OBJC_WEAK = YES;
				CLANG_WARN_BLOCK_CAPTURE_AUTORELEASING = YES;
				CLANG_WARN_BOOL_CONVERSION = YES;
				CLANG_WARN_COMMA = YES;
				CLANG_WARN_CONSTANT_CONVERSION = YES;
				CLANG_WARN_DEPRECATED_OBJC_IMPLEMENTATIONS = YES;
				CLANG_WARN_DIRECT_OBJC_ISA_USAGE = YES_ERROR;
				CLANG_WARN_DOCUMENTATION_COMMENTS = YES;
				CLANG_WARN_EMPTY_BODY = YES;
				CLANG_WARN_ENUM_CONVERSION = YES;
				CLANG_WARN_INFINITE_RECURSION = YES;
				CLANG_WARN_INT_CONVERSION = YES;
				CLANG_WARN_NON_LITERAL_NULL_CONVERSION = YES;
				CLANG_WARN_OBJC_IMPLICIT_RETAIN_SELF = YES;
				CLANG_WARN_OBJC_LITERAL_CONVERSION = YES;
				CLANG_WARN_OBJC_ROOT_CLASS = YES_ERROR;
				CLANG_WARN_QUOTED_INCLUDE_IN_FRAMEWORK_HEADER = YES;
				CLANG_WARN_RANGE_LOOP_ANALYSIS = YES;
				CLANG_WARN_STRICT_PROTOTYPES = YES;
				CLANG_WARN_SUSPICIOUS_MOVE = YES;
				CLANG_WARN_UNGUARDED_AVAILABILITY = YES_AGGRESSIVE;
				CLANG_WARN_UNREACHABLE_CODE = YES;
				CLANG_WARN__DUPLICATE_METHOD_MATCH = YES;
				COPY_PHASE_STRIP = NO;
				DEBUG_INFORMATION_FORMAT = "dwarf-with-dsym";
				DEVELOPMENT_TEAM = 9WQ4DZ2W9G;
				ENABLE_NS_ASSERTIONS = NO;
				ENABLE_STRICT_OBJC_MSGSEND = YES;
				ENABLE_USER_SCRIPT_SANDBOXING = YES;
				GCC_C_LANGUAGE_STANDARD = gnu17;
				GCC_NO_COMMON_BLOCKS = YES;
				GCC_WARN_64_TO_32_BIT_CONVERSION = YES;
				GCC_WARN_ABOUT_RETURN_TYPE = YES_ERROR;
				GCC_WARN_UNDECLARED_SELECTOR = YES;
				GCC_WARN_UNINITIALIZED_AUTOS = YES_AGGRESSIVE;
				GCC_WARN_UNUSED_FUNCTION = YES;
				GCC_WARN_UNUSED_VARIABLE = YES;
				LOCALIZATION_PREFERS_STRING_CATALOGS = YES;
				MACOSX_DEPLOYMENT_TARGET = 26.2;
				MTL_ENABLE_DEBUG_INFO = NO;
				MTL_FAST_MATH = YES;
				SDKROOT = macosx;
				SWIFT_COMPILATION_MODE = wholemodule;
			};
			name = Release;
		};
		977709B52F1D2449002C6491 /* Debug */ = {
			isa = XCBuildConfiguration;
			buildSettings = {
				ASSETCATALOG_COMPILER_APPICON_NAME = SpeechToTypeIcon;
				ASSETCATALOG_COMPILER_GLOBAL_ACCENT_COLOR_NAME = AccentColor;
				CODE_SIGN_ENTITLEMENTS = SpeechToType/SpeechToType.entitlements;
				CODE_SIGN_STYLE = Automatic;
				COMBINE_HIDPI_IMAGES = YES;
				CURRENT_PROJECT_VERSION = 1;
				DEVELOPMENT_TEAM = 9WQ4DZ2W9G;
				ENABLE_APP_SANDBOX = NO;
				ENABLE_HARDENED_RUNTIME = YES;
				ENABLE_PREVIEWS = YES;
				ENABLE_USER_SELECTED_FILES = readonly;
				GENERATE_INFOPLIST_FILE = YES;
				INFOPLIST_FILE = SpeechToType/Info.plist;
				INFOPLIST_KEY_LSApplicationCategoryType = "public.app-category.productivity";
				INFOPLIST_KEY_LSUIElement = NO;
				INFOPLIST_KEY_NSAppleEventsUsageDescription = "SpeechToType benötigt Zugriff, um Text in anderen Apps einzufügen.";
				INFOPLIST_KEY_NSHumanReadableCopyright = "";
				INFOPLIST_KEY_NSMicrophoneUsageDescription = "SpeechToType benötigt Zugriff auf das Mikrofon, um deine Sprache aufzunehmen und zu transkribieren.";
				LD_RUNPATH_SEARCH_PATHS = (
					"$(inherited)",
					"@executable_path/../Frameworks",
				);
				MARKETING_VERSION = 1.1;
				PRODUCT_BUNDLE_IDENTIFIER = jaba.SpeechToType;
				PRODUCT_NAME = "$(TARGET_NAME)";
				REGISTER_APP_GROUPS = YES;
				STRING_CATALOG_GENERATE_SYMBOLS = YES;
				SWIFT_APPROACHABLE_CONCURRENCY = YES;
				SWIFT_DEFAULT_ACTOR_ISOLATION = MainActor;
				SWIFT_EMIT_LOC_STRINGS = YES;
				SWIFT_UPCOMING_FEATURE_MEMBER_IMPORT_VISIBILITY = YES;
				SWIFT_VERSION = 5.0;
			};
			name = Debug;
		};
		977709B62F1D2449002C6491 /* Release */ = {
			isa = XCBuildConfiguration;
			buildSettings = {
				ASSETCATALOG_COMPILER_APPICON_NAME = SpeechToTypeIcon;
				ASSETCATALOG_COMPILER_GLOBAL_ACCENT_COLOR_NAME = AccentColor;
				CODE_SIGN_ENTITLEMENTS = SpeechToType/SpeechToType.entitlements;
				CODE_SIGN_STYLE = Automatic;
				COMBINE_HIDPI_IMAGES = YES;
				CURRENT_PROJECT_VERSION = 1;
				DEVELOPMENT_TEAM = 9WQ4DZ2W9G;
				ENABLE_APP_SANDBOX = NO;
				ENABLE_HARDENED_RUNTIME = YES;
				ENABLE_PREVIEWS = YES;
				ENABLE_USER_SELECTED_FILES = readonly;
				GENERATE_INFOPLIST_FILE = YES;
				INFOPLIST_FILE = SpeechToType/Info.plist;
				INFOPLIST_KEY_LSApplicationCategoryType = "public.app-category.productivity";
				INFOPLIST_KEY_LSUIElement = NO;
				INFOPLIST_KEY_NSAppleEventsUsageDescription = "SpeechToType benötigt Zugriff, um Text in anderen Apps einzufügen.";
				INFOPLIST_KEY_NSHumanReadableCopyright = "";
				INFOPLIST_KEY_NSMicrophoneUsageDescription = "SpeechToType benötigt Zugriff auf das Mikrofon, um deine Sprache aufzunehmen und zu transkribieren.";
				LD_RUNPATH_SEARCH_PATHS = (
					"$(inherited)",
					"@executable_path/../Frameworks",
				);
				MARKETING_VERSION = 1.1;
				PRODUCT_BUNDLE_IDENTIFIER = jaba.SpeechToType;
				PRODUCT_NAME = "$(TARGET_NAME)";
				REGISTER_APP_GROUPS = YES;
				STRING_CATALOG_GENERATE_SYMBOLS = YES;
				SWIFT_APPROACHABLE_CONCURRENCY = YES;
				SWIFT_DEFAULT_ACTOR_ISOLATION = MainActor;
				SWIFT_EMIT_LOC_STRINGS = YES;
				SWIFT_UPCOMING_FEATURE_MEMBER_IMPORT_VISIBILITY = YES;
				SWIFT_VERSION = 5.0;
			};
			name = Release;
		};
		977709B82F1D2449002C6491 /* Debug */ = {
			isa = XCBuildConfiguration;
			buildSettings = {
				BUNDLE_LOADER = "$(TEST_HOST)";
				CODE_SIGN_STYLE = Automatic;
				CURRENT_PROJECT_VERSION = 1;
				DEVELOPMENT_TEAM = 9WQ4DZ2W9G;
				GENERATE_INFOPLIST_FILE = YES;
				MACOSX_DEPLOYMENT_TARGET = 26.2;
				MARKETING_VERSION = 1.0;
				PRODUCT_BUNDLE_IDENTIFIER = jaba.SpeechToTypeTests;
				PRODUCT_NAME = "$(TARGET_NAME)";
				STRING_CATALOG_GENERATE_SYMBOLS = NO;
				SWIFT_APPROACHABLE_CONCURRENCY = YES;
				SWIFT_EMIT_LOC_STRINGS = NO;
				SWIFT_UPCOMING_FEATURE_MEMBER_IMPORT_VISIBILITY = YES;
				SWIFT_VERSION = 5.0;
				TEST_HOST = "$(BUILT_PRODUCTS_DIR)/SpeechToType.app/$(BUNDLE_EXECUTABLE_FOLDER_PATH)/SpeechToType";
			};
			name = Debug;
		};
		977709B92F1D2449002C6491 /* Release */ = {
			isa = XCBuildConfiguration;
			buildSettings = {
				BUNDLE_LOADER = "$(TEST_HOST)";
				CODE_SIGN_STYLE = Automatic;
				CURRENT_PROJECT_VERSION = 1;
				DEVELOPMENT_TEAM = 9WQ4DZ2W9G;
				GENERATE_INFOPLIST_FILE = YES;
				MACOSX_DEPLOYMENT_TARGET = 26.2;
				MARKETING_VERSION = 1.0;
				PRODUCT_BUNDLE_IDENTIFIER = jaba.SpeechToTypeTests;
				PRODUCT_NAME = "$(TARGET_NAME)";
				STRING_CATALOG_GENERATE_SYMBOLS = NO;
				SWIFT_APPROACHABLE_CONCURRENCY = YES;
				SWIFT_EMIT_LOC_STRINGS = NO;
				SWIFT_UPCOMING_FEATURE_MEMBER_IMPORT_VISIBILITY = YES;
				SWIFT_VERSION = 5.0;
				TEST_HOST = "$(BUILT_PRODUCTS_DIR)/SpeechToType.app/$(BUNDLE_EXECUTABLE_FOLDER_PATH)/SpeechToType";
			};
			name = Release;
		};
		977709BB2F1D2449002C6491 /* Debug */ = {
			isa = XCBuildConfiguration;
			buildSettings = {
				CODE_SIGN_STYLE = Automatic;
				CURRENT_PROJECT_VERSION = 1;
				DEVELOPMENT_TEAM = 9WQ4DZ2W9G;
				GENERATE_INFOPLIST_FILE = YES;
				MARKETING_VERSION = 1.0;
				PRODUCT_BUNDLE_IDENTIFIER = jaba.SpeechToTypeUITests;
				PRODUCT_NAME = "$(TARGET_NAME)";
				STRING_CATALOG_GENERATE_SYMBOLS = NO;
				SWIFT_APPROACHABLE_CONCURRENCY = YES;
				SWIFT_EMIT_LOC_STRINGS = NO;
				SWIFT_UPCOMING_FEATURE_MEMBER_IMPORT_VISIBILITY = YES;
				SWIFT_VERSION = 5.0;
				TEST_TARGET_NAME = SpeechToType;
			};
			name = Debug;
		};
		977709BC2F1D2449002C6491 /* Release */ = {
			isa = XCBuildConfiguration;
			buildSettings = {
				CODE_SIGN_STYLE = Automatic;
				CURRENT_PROJECT_VERSION = 1;
				DEVELOPMENT_TEAM = 9WQ4DZ2W9G;
				GENERATE_INFOPLIST_FILE = YES;
				MARKETING_VERSION = 1.0;
				PRODUCT_BUNDLE_IDENTIFIER = jaba.SpeechToTypeUITests;
				PRODUCT_NAME = "$(TARGET_NAME)";
				STRING_CATALOG_GENERATE_SYMBOLS = NO;
				SWIFT_APPROACHABLE_CONCURRENCY = YES;
				SWIFT_EMIT_LOC_STRINGS = NO;
				SWIFT_UPCOMING_FEATURE_MEMBER_IMPORT_VISIBILITY = YES;
				SWIFT_VERSION = 5.0;
				TEST_TARGET_NAME = SpeechToType;
			};
			name = Release;
		};
/* End XCBuildConfiguration section */

/* Begin XCConfigurationList section */
		9777098E2F1D2448002C6491 /* Build configuration list for PBXProject "SpeechToType" */ = {
			isa = XCConfigurationList;
			buildConfigurations = (
				977709B22F1D2449002C6491 /* Debug */,
				977709B32F1D2449002C6491 /* Release */,
			);
			defaultConfigurationIsVisible = 0;
			defaultConfigurationName = Release;
		};
		977709B42F1D2449002C6491 /* Build configuration list for PBXNativeTarget "SpeechToType" */ = {
			isa = XCConfigurationList;
			buildConfigurations = (
				977709B52F1D2449002C6491 /* Debug */,
				977709B62F1D2449002C6491 /* Release */,
			);
			defaultConfigurationIsVisible = 0;
			defaultConfigurationName = Release;
		};
		977709B72F1D2449002C6491 /* Build configuration list for PBXNativeTarget "SpeechToTypeTests" */ = {
			isa = XCConfigurationList;
			buildConfigurations = (
				977709B82F1D2449002C6491 /* Debug */,
				977709B92F1D2449002C6491 /* Release */,
			);
			defaultConfigurationIsVisible = 0;
			defaultConfigurationName = Release;
		};
		977709BA2F1D2449002C6491 /* Build configuration list for PBXNativeTarget "SpeechToTypeUITests" */ = {
			isa = XCConfigurationList;
			buildConfigurations = (
				977709BB2F1D2449002C6491 /* Debug */,
				977709BC2F1D2449002C6491 /* Release */,
			);
			defaultConfigurationIsVisible = 0;
			defaultConfigurationName = Release;
		};
/* End XCConfigurationList section */

/* Begin XCRemoteSwiftPackageReference section */
		97A23A512F1E28D500682CB7 /* XCRemoteSwiftPackageReference "Sparkle" */ = {
			isa = XCRemoteSwiftPackageReference;
			repositoryURL = "https://github.com/sparkle-project/Sparkle";
			requirement = {
				kind = upToNextMajorVersion;
				minimumVersion = 2.8.1;
			};
		};
/* End XCRemoteSwiftPackageReference section */

/* Begin XCSwiftPackageProductDependency section */
		97A23A542F1E2BD700682CB7 /* Sparkle */ = {
			isa = XCSwiftPackageProductDependency;
			package = 97A23A512F1E28D500682CB7 /* XCRemoteSwiftPackageReference "Sparkle" */;
			productName = Sparkle;
		};
/* End XCSwiftPackageProductDependency section */
	};
	rootObject = 9777098B2F1D2448002C6491 /* Project object */;
}
